// !$*UTF8*$!
{
	archiveVersion = 1;
	classes = {
	};
	objectVersion = 46;
	objects = {

/* Begin PBXBuildFile section */
		0AEE9323600A4B9FCFA3FC4F /* Pods_ShrinkMeister.framework in Frameworks */ = {isa = PBXBuildFile; fileRef = C38BD50B579385C8716178E9 /* Pods_ShrinkMeister.framework */; };
		4B67A4061D52DA7400519610 /* ViewModelProtocol.swift in Sources */ = {isa = PBXBuildFile; fileRef = 4B67A4051D52DA7400519610 /* ViewModelProtocol.swift */; };
		4B67A4081D531A0E00519610 /* ViewControllerService.swift in Sources */ = {isa = PBXBuildFile; fileRef = 4B67A4071D531A0E00519610 /* ViewControllerService.swift */; };
		4B67A40A1D531AC400519610 /* ViewControllerServicesImp.swift in Sources */ = {isa = PBXBuildFile; fileRef = 4B67A4091D531AC400519610 /* ViewControllerServicesImp.swift */; };
		4B67A40C1D5321FB00519610 /* NotificationHelper.swift in Sources */ = {isa = PBXBuildFile; fileRef = 4B67A40B1D5321FB00519610 /* NotificationHelper.swift */; };
		4BEE12061D5186B000A84EC1 /* RAC.swift in Sources */ = {isa = PBXBuildFile; fileRef = 4BEE12021D5186B000A84EC1 /* RAC.swift */; };
		4BEE12071D5186B000A84EC1 /* RACObserve.swift in Sources */ = {isa = PBXBuildFile; fileRef = 4BEE12031D5186B000A84EC1 /* RACObserve.swift */; };
		4BEE12081D5186B000A84EC1 /* RACSignal+Extensions.swift in Sources */ = {isa = PBXBuildFile; fileRef = 4BEE12041D5186B000A84EC1 /* RACSignal+Extensions.swift */; };
		4BEE12091D5186B000A84EC1 /* TableViewBindingHelper.swift in Sources */ = {isa = PBXBuildFile; fileRef = 4BEE12051D5186B000A84EC1 /* TableViewBindingHelper.swift */; };
		4BEE12111D518A7D00A84EC1 /* MainViewModel.swift in Sources */ = {isa = PBXBuildFile; fileRef = 4BEE12101D518A7D00A84EC1 /* MainViewModel.swift */; };
		4BEE12131D518B4D00A84EC1 /* ImageStore.swift in Sources */ = {isa = PBXBuildFile; fileRef = 4BEE12121D518B4D00A84EC1 /* ImageStore.swift */; };
		4BEE12191D518BC400A84EC1 /* ImageViewModel.swift in Sources */ = {isa = PBXBuildFile; fileRef = 4BEE12181D518BC400A84EC1 /* ImageViewModel.swift */; };
		4BEE12201D51E57700A84EC1 /* ViewModel.swift in Sources */ = {isa = PBXBuildFile; fileRef = 4BEE121F1D51E57600A84EC1 /* ViewModel.swift */; };
		4BEE12221D51E97800A84EC1 /* ViewLocator.swift in Sources */ = {isa = PBXBuildFile; fileRef = 4BEE12211D51E97800A84EC1 /* ViewLocator.swift */; };
		4BEE12241D51EBE700A84EC1 /* ViewModelLocator.swift in Sources */ = {isa = PBXBuildFile; fileRef = 4BEE12231D51EBE700A84EC1 /* ViewModelLocator.swift */; };
		4BEE12261D51F02D00A84EC1 /* BaseViewController.swift in Sources */ = {isa = PBXBuildFile; fileRef = 4BEE12251D51F02D00A84EC1 /* BaseViewController.swift */; };
		4BEE12281D51F4BE00A84EC1 /* AddPhotoViewController.swift in Sources */ = {isa = PBXBuildFile; fileRef = 4BEE12271D51F4BE00A84EC1 /* AddPhotoViewController.swift */; };
		4BEE122A1D51F4DE00A84EC1 /* AddPhotoViewModel.swift in Sources */ = {isa = PBXBuildFile; fileRef = 4BEE12291D51F4DE00A84EC1 /* AddPhotoViewModel.swift */; };
		4BEF0D7D1D508BA400E7782A /* AppDelegate.swift in Sources */ = {isa = PBXBuildFile; fileRef = 4BEF0D7C1D508BA400E7782A /* AppDelegate.swift */; };
		4BEF0D7F1D508BA400E7782A /* MainViewController.swift in Sources */ = {isa = PBXBuildFile; fileRef = 4BEF0D7E1D508BA400E7782A /* MainViewController.swift */; };
		4BEF0D841D508BA500E7782A /* Assets.xcassets in Resources */ = {isa = PBXBuildFile; fileRef = 4BEF0D831D508BA500E7782A /* Assets.xcassets */; };
/* End PBXBuildFile section */

/* Begin PBXFileReference section */
		19742C88BB2979AA1C4754AD /* Pods-ShrinkMeister.debug.xcconfig */ = {isa = PBXFileReference; includeInIndex = 1; lastKnownFileType = text.xcconfig; name = "Pods-ShrinkMeister.debug.xcconfig"; path = "Pods/Target Support Files/Pods-ShrinkMeister/Pods-ShrinkMeister.debug.xcconfig"; sourceTree = "<group>"; };
		32FB6E2520DD988B83B1ACD3 /* Pods-ShrinkMeister.release.xcconfig */ = {isa = PBXFileReference; includeInIndex = 1; lastKnownFileType = text.xcconfig; name = "Pods-ShrinkMeister.release.xcconfig"; path = "Pods/Target Support Files/Pods-ShrinkMeister/Pods-ShrinkMeister.release.xcconfig"; sourceTree = "<group>"; };
		4B67A4051D52DA7400519610 /* ViewModelProtocol.swift */ = {isa = PBXFileReference; fileEncoding = 4; lastKnownFileType = sourcecode.swift; path = ViewModelProtocol.swift; sourceTree = "<group>"; };
		4B67A4071D531A0E00519610 /* ViewControllerService.swift */ = {isa = PBXFileReference; fileEncoding = 4; lastKnownFileType = sourcecode.swift; name = ViewControllerService.swift; path = ../ViewModels/ViewControllerService.swift; sourceTree = "<group>"; };
		4B67A4091D531AC400519610 /* ViewControllerServicesImp.swift */ = {isa = PBXFileReference; fileEncoding = 4; lastKnownFileType = sourcecode.swift; path = ViewControllerServicesImp.swift; sourceTree = "<group>"; };
		4B67A40B1D5321FB00519610 /* NotificationHelper.swift */ = {isa = PBXFileReference; fileEncoding = 4; lastKnownFileType = sourcecode.swift; path = NotificationHelper.swift; sourceTree = "<group>"; };
		4BEE12021D5186B000A84EC1 /* RAC.swift */ = {isa = PBXFileReference; fileEncoding = 4; lastKnownFileType = sourcecode.swift; path = RAC.swift; sourceTree = "<group>"; };
		4BEE12031D5186B000A84EC1 /* RACObserve.swift */ = {isa = PBXFileReference; fileEncoding = 4; lastKnownFileType = sourcecode.swift; path = RACObserve.swift; sourceTree = "<group>"; };
		4BEE12041D5186B000A84EC1 /* RACSignal+Extensions.swift */ = {isa = PBXFileReference; fileEncoding = 4; lastKnownFileType = sourcecode.swift; path = "RACSignal+Extensions.swift"; sourceTree = "<group>"; };
		4BEE12051D5186B000A84EC1 /* TableViewBindingHelper.swift */ = {isa = PBXFileReference; fileEncoding = 4; lastKnownFileType = sourcecode.swift; path = TableViewBindingHelper.swift; sourceTree = "<group>"; };
		4BEE12101D518A7D00A84EC1 /* MainViewModel.swift */ = {isa = PBXFileReference; fileEncoding = 4; lastKnownFileType = sourcecode.swift; path = MainViewModel.swift; sourceTree = "<group>"; };
		4BEE12121D518B4D00A84EC1 /* ImageStore.swift */ = {isa = PBXFileReference; fileEncoding = 4; lastKnownFileType = sourcecode.swift; name = ImageStore.swift; path = Models/ImageStore.swift; sourceTree = "<group>"; };
		4BEE12181D518BC400A84EC1 /* ImageViewModel.swift */ = {isa = PBXFileReference; fileEncoding = 4; lastKnownFileType = sourcecode.swift; name = ImageViewModel.swift; path = Models/ImageViewModel.swift; sourceTree = "<group>"; };
		4BEE121D1D518E5C00A84EC1 /* MyPlayground.playground */ = {isa = PBXFileReference; lastKnownFileType = file.playground; path = MyPlayground.playground; sourceTree = "<group>"; };
		4BEE121F1D51E57600A84EC1 /* ViewModel.swift */ = {isa = PBXFileReference; fileEncoding = 4; lastKnownFileType = sourcecode.swift; path = ViewModel.swift; sourceTree = "<group>"; };
		4BEE12211D51E97800A84EC1 /* ViewLocator.swift */ = {isa = PBXFileReference; fileEncoding = 4; lastKnownFileType = sourcecode.swift; path = ViewLocator.swift; sourceTree = "<group>"; };
		4BEE12231D51EBE700A84EC1 /* ViewModelLocator.swift */ = {isa = PBXFileReference; fileEncoding = 4; lastKnownFileType = sourcecode.swift; path = ViewModelLocator.swift; sourceTree = "<group>"; };
		4BEE12251D51F02D00A84EC1 /* BaseViewController.swift */ = {isa = PBXFileReference; fileEncoding = 4; lastKnownFileType = sourcecode.swift; path = BaseViewController.swift; sourceTree = "<group>"; };
		4BEE12271D51F4BE00A84EC1 /* AddPhotoViewController.swift */ = {isa = PBXFileReference; fileEncoding = 4; lastKnownFileType = sourcecode.swift; path = AddPhotoViewController.swift; sourceTree = "<group>"; };
		4BEE12291D51F4DE00A84EC1 /* AddPhotoViewModel.swift */ = {isa = PBXFileReference; fileEncoding = 4; lastKnownFileType = sourcecode.swift; path = AddPhotoViewModel.swift; sourceTree = "<group>"; };
		4BEF0D791D508BA100E7782A /* ShrinkMeister.app */ = {isa = PBXFileReference; explicitFileType = wrapper.application; includeInIndex = 0; path = ShrinkMeister.app; sourceTree = BUILT_PRODUCTS_DIR; };
		4BEF0D7C1D508BA400E7782A /* AppDelegate.swift */ = {isa = PBXFileReference; lastKnownFileType = sourcecode.swift; path = AppDelegate.swift; sourceTree = "<group>"; };
		4BEF0D7E1D508BA400E7782A /* MainViewController.swift */ = {isa = PBXFileReference; lastKnownFileType = sourcecode.swift; path = MainViewController.swift; sourceTree = "<group>"; };
		4BEF0D831D508BA500E7782A /* Assets.xcassets */ = {isa = PBXFileReference; lastKnownFileType = folder.assetcatalog; path = Assets.xcassets; sourceTree = "<group>"; };
		4BEF0D881D508BA500E7782A /* Info.plist */ = {isa = PBXFileReference; lastKnownFileType = text.plist.xml; path = Info.plist; sourceTree = "<group>"; };
		C38BD50B579385C8716178E9 /* Pods_ShrinkMeister.framework */ = {isa = PBXFileReference; explicitFileType = wrapper.framework; includeInIndex = 0; path = Pods_ShrinkMeister.framework; sourceTree = BUILT_PRODUCTS_DIR; };
/* End PBXFileReference section */

/* Begin PBXFrameworksBuildPhase section */
		4BEF0D761D508BA100E7782A /* Frameworks */ = {
			isa = PBXFrameworksBuildPhase;
			buildActionMask = 2147483647;
			files = (
				0AEE9323600A4B9FCFA3FC4F /* Pods_ShrinkMeister.framework in Frameworks */,
			);
			runOnlyForDeploymentPostprocessing = 0;
		};
/* End PBXFrameworksBuildPhase section */

/* Begin PBXGroup section */
		4BEE12011D5186B000A84EC1 /* Util */ = {
			isa = PBXGroup;
			children = (
				4BEE12021D5186B000A84EC1 /* RAC.swift */,
				4BEE12031D5186B000A84EC1 /* RACObserve.swift */,
				4BEE12041D5186B000A84EC1 /* RACSignal+Extensions.swift */,
				4BEE12051D5186B000A84EC1 /* TableViewBindingHelper.swift */,
				4B67A40B1D5321FB00519610 /* NotificationHelper.swift */,
			);
			path = Util;
			sourceTree = "<group>";
		};
		4BEE120C1D5189E500A84EC1 /* Views */ = {
			isa = PBXGroup;
			children = (
				4BEF0D7E1D508BA400E7782A /* MainViewController.swift */,
				4BEE12211D51E97800A84EC1 /* ViewLocator.swift */,
				4B67A4071D531A0E00519610 /* ViewControllerService.swift */,
				4B67A4091D531AC400519610 /* ViewControllerServicesImp.swift */,
				4B67A4051D52DA7400519610 /* ViewModelProtocol.swift */,
				4BEE12251D51F02D00A84EC1 /* BaseViewController.swift */,
				4BEE12271D51F4BE00A84EC1 /* AddPhotoViewController.swift */,
			);
			path = Views;
			sourceTree = "<group>";
		};
		4BEE120F1D518A2100A84EC1 /* ViewModels */ = {
			isa = PBXGroup;
			children = (
				4BEE12101D518A7D00A84EC1 /* MainViewModel.swift */,
				4BEE121F1D51E57600A84EC1 /* ViewModel.swift */,
				4BEE12231D51EBE700A84EC1 /* ViewModelLocator.swift */,
				4BEE12291D51F4DE00A84EC1 /* AddPhotoViewModel.swift */,
			);
			path = ViewModels;
			sourceTree = "<group>";
		};
		4BEE12171D518BA100A84EC1 /* Models */ = {
			isa = PBXGroup;
			children = (
				4BEE12121D518B4D00A84EC1 /* ImageStore.swift */,
				4BEE12181D518BC400A84EC1 /* ImageViewModel.swift */,
			);
			name = Models;
			sourceTree = "<group>";
		};
		4BEE121A1D518C8300A84EC1 /* Resources */ = {
			isa = PBXGroup;
			children = (
				4BEF0D831D508BA500E7782A /* Assets.xcassets */,
			);
			path = Resources;
			sourceTree = "<group>";
		};
		4BEE121C1D518E4E00A84EC1 /* Test */ = {
			isa = PBXGroup;
			children = (
				4BEE121D1D518E5C00A84EC1 /* MyPlayground.playground */,
			);
			path = Test;
			sourceTree = "<group>";
		};
		4BEF0D701D508B9F00E7782A = {
			isa = PBXGroup;
			children = (
				4BEF0D7B1D508BA300E7782A /* ShrinkMeister */,
				4BEF0D7A1D508BA100E7782A /* Products */,
				D36A32F1A9C65DB7D1692670 /* Pods */,
				E01589477C3BAF565B272C61 /* Frameworks */,
			);
			sourceTree = "<group>";
		};
		4BEF0D7A1D508BA100E7782A /* Products */ = {
			isa = PBXGroup;
			children = (
				4BEF0D791D508BA100E7782A /* ShrinkMeister.app */,
			);
			name = Products;
			sourceTree = "<group>";
		};
		4BEF0D7B1D508BA300E7782A /* ShrinkMeister */ = {
			isa = PBXGroup;
			children = (
				4BEE121C1D518E4E00A84EC1 /* Test */,
				4BEE12171D518BA100A84EC1 /* Models */,
				4BEE120C1D5189E500A84EC1 /* Views */,
				4BEE120F1D518A2100A84EC1 /* ViewModels */,
				4BEE12011D5186B000A84EC1 /* Util */,
				4BEE121A1D518C8300A84EC1 /* Resources */,
				4BEF0D881D508BA500E7782A /* Info.plist */,
				4BEF0D7C1D508BA400E7782A /* AppDelegate.swift */,
			);
			path = ShrinkMeister;
			sourceTree = "<group>";
		};
		D36A32F1A9C65DB7D1692670 /* Pods */ = {
			isa = PBXGroup;
			children = (
				19742C88BB2979AA1C4754AD /* Pods-ShrinkMeister.debug.xcconfig */,
				32FB6E2520DD988B83B1ACD3 /* Pods-ShrinkMeister.release.xcconfig */,
			);
			name = Pods;
			sourceTree = "<group>";
		};
		E01589477C3BAF565B272C61 /* Frameworks */ = {
			isa = PBXGroup;
			children = (
				C38BD50B579385C8716178E9 /* Pods_ShrinkMeister.framework */,
			);
			name = Frameworks;
			sourceTree = "<group>";
		};
/* End PBXGroup section */

/* Begin PBXNativeTarget section */
		4BEF0D781D508BA100E7782A /* ShrinkMeister */ = {
			isa = PBXNativeTarget;
			buildConfigurationList = 4BEF0D8B1D508BA500E7782A /* Build configuration list for PBXNativeTarget "ShrinkMeister" */;
			buildPhases = (
				26BFBA2C70B03280DD8C1FC5 /* [CP] Check Pods Manifest.lock */,
				4BEF0D751D508BA100E7782A /* Sources */,
				4BEF0D761D508BA100E7782A /* Frameworks */,
				4BEF0D771D508BA100E7782A /* Resources */,
				81BE772DE42791564BB4D65D /* [CP] Embed Pods Frameworks */,
				DCA22799EF8578D9ABEF32B8 /* [CP] Copy Pods Resources */,
			);
			buildRules = (
			);
			dependencies = (
			);
			name = ShrinkMeister;
			productName = ShrinkMeister;
			productReference = 4BEF0D791D508BA100E7782A /* ShrinkMeister.app */;
			productType = "com.apple.product-type.application";
		};
/* End PBXNativeTarget section */

/* Begin PBXProject section */
		4BEF0D711D508B9F00E7782A /* Project object */ = {
			isa = PBXProject;
			attributes = {
				LastSwiftUpdateCheck = 0730;
				LastUpgradeCheck = 0730;
				ORGANIZATIONNAME = "Jackie Zhang";
				TargetAttributes = {
					4BEF0D781D508BA100E7782A = {
						CreatedOnToolsVersion = 7.3;
					};
				};
			};
			buildConfigurationList = 4BEF0D741D508BA000E7782A /* Build configuration list for PBXProject "ShrinkMeister" */;
			compatibilityVersion = "Xcode 3.2";
			developmentRegion = English;
			hasScannedForEncodings = 0;
			knownRegions = (
				en,
				Base,
			);
			mainGroup = 4BEF0D701D508B9F00E7782A;
			productRefGroup = 4BEF0D7A1D508BA100E7782A /* Products */;
			projectDirPath = "";
			projectRoot = "";
			targets = (
				4BEF0D781D508BA100E7782A /* ShrinkMeister */,
			);
		};
/* End PBXProject section */

/* Begin PBXResourcesBuildPhase section */
		4BEF0D771D508BA100E7782A /* Resources */ = {
			isa = PBXResourcesBuildPhase;
			buildActionMask = 2147483647;
			files = (
				4BEF0D841D508BA500E7782A /* Assets.xcassets in Resources */,
			);
			runOnlyForDeploymentPostprocessing = 0;
		};
/* End PBXResourcesBuildPhase section */

/* Begin PBXShellScriptBuildPhase section */
		26BFBA2C70B03280DD8C1FC5 /* [CP] Check Pods Manifest.lock */ = {
			isa = PBXShellScriptBuildPhase;
			buildActionMask = 2147483647;
			files = (
			);
			inputPaths = (
			);
			name = "[CP] Check Pods Manifest.lock";
			outputPaths = (
			);
			runOnlyForDeploymentPostprocessing = 0;
			shellPath = /bin/sh;
			shellScript = "diff \"${PODS_ROOT}/../Podfile.lock\" \"${PODS_ROOT}/Manifest.lock\" > /dev/null\nif [[ $? != 0 ]] ; then\n    cat << EOM\nerror: The sandbox is not in sync with the Podfile.lock. Run 'pod install' or update your CocoaPods installation.\nEOM\n    exit 1\nfi\n";
			showEnvVarsInLog = 0;
		};
		81BE772DE42791564BB4D65D /* [CP] Embed Pods Frameworks */ = {
			isa = PBXShellScriptBuildPhase;
			buildActionMask = 2147483647;
			files = (
			);
			inputPaths = (
			);
			name = "[CP] Embed Pods Frameworks";
			outputPaths = (
			);
			runOnlyForDeploymentPostprocessing = 0;
			shellPath = /bin/sh;
			shellScript = "\"${SRCROOT}/Pods/Target Support Files/Pods-ShrinkMeister/Pods-ShrinkMeister-frameworks.sh\"\n";
			showEnvVarsInLog = 0;
		};
		DCA22799EF8578D9ABEF32B8 /* [CP] Copy Pods Resources */ = {
			isa = PBXShellScriptBuildPhase;
			buildActionMask = 2147483647;
			files = (
			);
			inputPaths = (
			);
			name = "[CP] Copy Pods Resources";
			outputPaths = (
			);
			runOnlyForDeploymentPostprocessing = 0;
			shellPath = /bin/sh;
			shellScript = "\"${SRCROOT}/Pods/Target Support Files/Pods-ShrinkMeister/Pods-ShrinkMeister-resources.sh\"\n";
			showEnvVarsInLog = 0;
		};
/* End PBXShellScriptBuildPhase section */

/* Begin PBXSourcesBuildPhase section */
		4BEF0D751D508BA100E7782A /* Sources */ = {
			isa = PBXSourcesBuildPhase;
			buildActionMask = 2147483647;
			files = (
				4B67A4061D52DA7400519610 /* ViewModelProtocol.swift in Sources */,
				4BEE12261D51F02D00A84EC1 /* BaseViewController.swift in Sources */,
				4BEE12201D51E57700A84EC1 /* ViewModel.swift in Sources */,
				4BEE12061D5186B000A84EC1 /* RAC.swift in Sources */,
				4BEF0D7F1D508BA400E7782A /* MainViewController.swift in Sources */,
				4BEE12221D51E97800A84EC1 /* ViewLocator.swift in Sources */,
				4BEE12281D51F4BE00A84EC1 /* AddPhotoViewController.swift in Sources */,
				4B67A40A1D531AC400519610 /* ViewControllerServicesImp.swift in Sources */,
				4BEF0D7D1D508BA400E7782A /* AppDelegate.swift in Sources */,
				4BEE122A1D51F4DE00A84EC1 /* AddPhotoViewModel.swift in Sources */,
				4B67A4081D531A0E00519610 /* ViewControllerService.swift in Sources */,
				4BEE12241D51EBE700A84EC1 /* ViewModelLocator.swift in Sources */,
				4BEE12191D518BC400A84EC1 /* ImageViewModel.swift in Sources */,
				4BEE12091D5186B000A84EC1 /* TableViewBindingHelper.swift in Sources */,
				4BEE12131D518B4D00A84EC1 /* ImageStore.swift in Sources */,
				4BEE12071D5186B000A84EC1 /* RACObserve.swift in Sources */,
				4B67A40C1D5321FB00519610 /* NotificationHelper.swift in Sources */,
				4BEE12081D5186B000A84EC1 /* RACSignal+Extensions.swift in Sources */,
				4BEE12111D518A7D00A84EC1 /* MainViewModel.swift in Sources */,
			);
			runOnlyForDeploymentPostprocessing = 0;
		};
/* End PBXSourcesBuildPhase section */

/* Begin XCBuildConfiguration section */
		4BEF0D891D508BA500E7782A /* Debug */ = {
			isa = XCBuildConfiguration;
			buildSettings = {
				ALWAYS_SEARCH_USER_PATHS = NO;
				CLANG_ANALYZER_NONNULL = YES;
				CLANG_CXX_LANGUAGE_STANDARD = "gnu++0x";
				CLANG_CXX_LIBRARY = "libc++";
				CLANG_ENABLE_MODULES = YES;
				CLANG_ENABLE_OBJC_ARC = YES;
				CLANG_WARN_BOOL_CONVERSION = YES;
				CLANG_WARN_CONSTANT_CONVERSION = YES;
				CLANG_WARN_DIRECT_OBJC_ISA_USAGE = YES_ERROR;
				CLANG_WARN_EMPTY_BODY = YES;
				CLANG_WARN_ENUM_CONVERSION = YES;
				CLANG_WARN_INT_CONVERSION = YES;
				CLANG_WARN_OBJC_ROOT_CLASS = YES_ERROR;
				CLANG_WARN_UNREACHABLE_CODE = YES;
				CLANG_WARN__DUPLICATE_METHOD_MATCH = YES;
				"CODE_SIGN_IDENTITY[sdk=iphoneos*]" = "iPhone Developer";
				COPY_PHASE_STRIP = NO;
				DEBUG_INFORMATION_FORMAT = dwarf;
				ENABLE_STRICT_OBJC_MSGSEND = YES;
				ENABLE_TESTABILITY = YES;
				GCC_C_LANGUAGE_STANDARD = gnu99;
				GCC_DYNAMIC_NO_PIC = NO;
				GCC_NO_COMMON_BLOCKS = YES;
				GCC_OPTIMIZATION_LEVEL = 0;
				GCC_PREPROCESSOR_DEFINITIONS = (
					"DEBUG=1",
					"$(inherited)",
				);
				GCC_WARN_64_TO_32_BIT_CONVERSION = YES;
				GCC_WARN_ABOUT_RETURN_TYPE = YES_ERROR;
				GCC_WARN_UNDECLARED_SELECTOR = YES;
				GCC_WARN_UNINITIALIZED_AUTOS = YES_AGGRESSIVE;
				GCC_WARN_UNUSED_FUNCTION = YES;
				GCC_WARN_UNUSED_VARIABLE = YES;
				IPHONEOS_DEPLOYMENT_TARGET = 9.3;
				MTL_ENABLE_DEBUG_INFO = YES;
				ONLY_ACTIVE_ARCH = YES;
				SDKROOT = iphoneos;
				SWIFT_OPTIMIZATION_LEVEL = "-Onone";
			};
			name = Debug;
		};
		4BEF0D8A1D508BA500E7782A /* Release */ = {
			isa = XCBuildConfiguration;
			buildSettings = {
				ALWAYS_SEARCH_USER_PATHS = NO;
				CLANG_ANALYZER_NONNULL = YES;
				CLANG_CXX_LANGUAGE_STANDARD = "gnu++0x";
				CLANG_CXX_LIBRARY = "libc++";
				CLANG_ENABLE_MODULES = YES;
				CLANG_ENABLE_OBJC_ARC = YES;
				CLANG_WARN_BOOL_CONVERSION = YES;
				CLANG_WARN_CONSTANT_CONVERSION = YES;
				CLANG_WARN_DIRECT_OBJC_ISA_USAGE = YES_ERROR;
				CLANG_WARN_EMPTY_BODY = YES;
				CLANG_WARN_ENUM_CONVERSION = YES;
				CLANG_WARN_INT_CONVERSION = YES;
				CLANG_WARN_OBJC_ROOT_CLASS = YES_ERROR;
				CLANG_WARN_UNREACHABLE_CODE = YES;
				CLANG_WARN__DUPLICATE_METHOD_MATCH = YES;
				"CODE_SIGN_IDENTITY[sdk=iphoneos*]" = "iPhone Developer";
				COPY_PHASE_STRIP = NO;
				DEBUG_INFORMATION_FORMAT = "dwarf-with-dsym";
				ENABLE_NS_ASSERTIONS = NO;
				ENABLE_STRICT_OBJC_MSGSEND = YES;
				GCC_C_LANGUAGE_STANDARD = gnu99;
				GCC_NO_COMMON_BLOCKS = YES;
				GCC_WARN_64_TO_32_BIT_CONVERSION = YES;
				GCC_WARN_ABOUT_RETURN_TYPE = YES_ERROR;
				GCC_WARN_UNDECLARED_SELECTOR = YES;
				GCC_WARN_UNINITIALIZED_AUTOS = YES_AGGRESSIVE;
				GCC_WARN_UNUSED_FUNCTION = YES;
				GCC_WARN_UNUSED_VARIABLE = YES;
				IPHONEOS_DEPLOYMENT_TARGET = 9.3;
				MTL_ENABLE_DEBUG_INFO = NO;
				SDKROOT = iphoneos;
				VALIDATE_PRODUCT = YES;
			};
			name = Release;
		};
		4BEF0D8C1D508BA500E7782A /* Debug */ = {
			isa = XCBuildConfiguration;
			baseConfigurationReference = 19742C88BB2979AA1C4754AD /* Pods-ShrinkMeister.debug.xcconfig */;
			buildSettings = {
				ASSETCATALOG_COMPILER_APPICON_NAME = AppIcon;
				INFOPLIST_FILE = ShrinkMeister/Info.plist;
				LD_RUNPATH_SEARCH_PATHS = "$(inherited) @executable_path/Frameworks";
				PRODUCT_BUNDLE_IDENTIFIER = com.jackiezhang.ShrinkMeister;
				PRODUCT_NAME = "$(TARGET_NAME)";
			};
			name = Debug;
		};
		4BEF0D8D1D508BA500E7782A /* Release */ = {
			isa = XCBuildConfiguration;
			baseConfigurationReference = 32FB6E2520DD988B83B1ACD3 /* Pods-ShrinkMeister.release.xcconfig */;
			buildSettings = {
				ASSETCATALOG_COMPILER_APPICON_NAME = AppIcon;
				INFOPLIST_FILE = ShrinkMeister/Info.plist;
				LD_RUNPATH_SEARCH_PATHS = "$(inherited) @executable_path/Frameworks";
				PRODUCT_BUNDLE_IDENTIFIER = com.jackiezhang.ShrinkMeister;
				PRODUCT_NAME = "$(TARGET_NAME)";
			};
			name = Release;
		};
/* End XCBuildConfiguration section */

/* Begin XCConfigurationList section */
		4BEF0D741D508BA000E7782A /* Build configuration list for PBXProject "ShrinkMeister" */ = {
			isa = XCConfigurationList;
			buildConfigurations = (
				4BEF0D891D508BA500E7782A /* Debug */,
				4BEF0D8A1D508BA500E7782A /* Release */,
			);
			defaultConfigurationIsVisible = 0;
			defaultConfigurationName = Release;
		};
		4BEF0D8B1D508BA500E7782A /* Build configuration list for PBXNativeTarget "ShrinkMeister" */ = {
			isa = XCConfigurationList;
			buildConfigurations = (
				4BEF0D8C1D508BA500E7782A /* Debug */,
				4BEF0D8D1D508BA500E7782A /* Release */,
			);
			defaultConfigurationIsVisible = 0;
			defaultConfigurationName = Release;
		};
/* End XCConfigurationList section */
	};
	rootObject = 4BEF0D711D508B9F00E7782A /* Project object */;
}
