// !$*UTF8*$!
{
	archiveVersion = 1;
	classes = {
	};
	objectVersion = 46;
	objects = {

/* Begin PBXBuildFile section */
		4BEF0D7D1D508BA400E7782A /* AppDelegate.swift in Sources */ = {isa = PBXBuildFile; fileRef = 4BEF0D7C1D508BA400E7782A /* AppDelegate.swift */; };
		4BEF0D7F1D508BA400E7782A /* ViewController.swift in Sources */ = {isa = PBXBuildFile; fileRef = 4BEF0D7E1D508BA400E7782A /* ViewController.swift */; };
		4BEF0D821D508BA400E7782A /* Main.storyboard in Resources */ = {isa = PBXBuildFile; fileRef = 4BEF0D801D508BA400E7782A /* Main.storyboard */; };
		4BEF0D841D508BA500E7782A /* Assets.xcassets in Resources */ = {isa = PBXBuildFile; fileRef = 4BEF0D831D508BA500E7782A /* Assets.xcassets */; };
		4BEF0D871D508BA500E7782A /* LaunchScreen.storyboard in Resources */ = {isa = PBXBuildFile; fileRef = 4BEF0D851D508BA500E7782A /* LaunchScreen.storyboard */; };
/* End PBXBuildFile section */

/* Begin PBXFileReference section */
		4BEF0D791D508BA100E7782A /* ShrinkMeister.app */ = {isa = PBXFileReference; explicitFileType = wrapper.application; includeInIndex = 0; path = ShrinkMeister.app; sourceTree = BUILT_PRODUCTS_DIR; };
		4BEF0D7C1D508BA400E7782A /* AppDelegate.swift */ = {isa = PBXFileReference; lastKnownFileType = sourcecode.swift; path = AppDelegate.swift; sourceTree = "<group>"; };
		4BEF0D7E1D508BA400E7782A /* ViewController.swift */ = {isa = PBXFileReference; lastKnownFileType = sourcecode.swift; path = ViewController.swift; sourceTree = "<group>"; };
		4BEF0D811D508BA400E7782A /* Base */ = {isa = PBXFileReference; lastKnownFileType = file.storyboard; name = Base; path = Base.lproj/Main.storyboard; sourceTree = "<group>"; };
		4BEF0D831D508BA500E7782A /* Assets.xcassets */ = {isa = PBXFileReference; lastKnownFileType = folder.assetcatalog; path = Assets.xcassets; sourceTree = "<group>"; };
		4BEF0D861D508BA500E7782A /* Base */ = {isa = PBXFileReference; lastKnownFileType = file.storyboard; name = Base; path = Base.lproj/LaunchScreen.storyboard; sourceTree = "<group>"; };
		4BEF0D881D508BA500E7782A /* Info.plist */ = {isa = PBXFileReference; lastKnownFileType = text.plist.xml; path = Info.plist; sourceTree = "<group>"; };
/* End PBXFileReference section */

/* Begin PBXFrameworksBuildPhase section */
		4BEF0D761D508BA100E7782A /* Frameworks */ = {
			isa = PBXFrameworksBuildPhase;
			buildActionMask = 2147483647;
			files = (
			);
			runOnlyForDeploymentPostprocessing = 0;
		};
/* End PBXFrameworksBuildPhase section */

/* Begin PBXGroup section */
		4BEF0D701D508B9F00E7782A = {
			isa = PBXGroup;
			children = (
				4BEF0D7B1D508BA300E7782A /* ShrinkMeister */,
				4BEF0D7A1D508BA100E7782A /* Products */,
			);
			sourceTree = "<group>";
		};
		4BEF0D7A1D508BA100E7782A /* Products */ = {
			isa = PBXGroup;
			children = (
				4BEF0D791D508BA100E7782A /* ShrinkMeister.app */,
			);
			name = Products;
			sourceTree = "<group>";
		};
		4BEF0D7B1D508BA300E7782A /* ShrinkMeister */ = {
			isa = PBXGroup;
			children = (
				4BEF0D7C1D508BA400E7782A /* AppDelegate.swift */,
				4BEF0D7E1D508BA400E7782A /* ViewController.swift */,
				4BEF0D801D508BA400E7782A /* Main.storyboard */,
				4BEF0D831D508BA500E7782A /* Assets.xcassets */,
				4BEF0D851D508BA500E7782A /* LaunchScreen.storyboard */,
				4BEF0D881D508BA500E7782A /* Info.plist */,
			);
			path = ShrinkMeister;
			sourceTree = "<group>";
		};
/* End PBXGroup section */

/* Begin PBXNativeTarget section */
		4BEF0D781D508BA100E7782A /* ShrinkMeister */ = {
			isa = PBXNativeTarget;
			buildConfigurationList = 4BEF0D8B1D508BA500E7782A /* Build configuration list for PBXNativeTarget "ShrinkMeister" */;
			buildPhases = (
				4BEF0D751D508BA100E7782A /* Sources */,
				4BEF0D761D508BA100E7782A /* Frameworks */,
				4BEF0D771D508BA100E7782A /* Resources */,
			);
			buildRules = (
			);
			dependencies = (
			);
			name = ShrinkMeister;
			productName = ShrinkMeister;
			productReference = 4BEF0D791D508BA100E7782A /* ShrinkMeister.app */;
			productType = "com.apple.product-type.application";
		};
/* End PBXNativeTarget section */

/* Begin PBXProject section */
		4BEF0D711D508B9F00E7782A /* Project object */ = {
			isa = PBXProject;
			attributes = {
				LastSwiftUpdateCheck = 0730;
				LastUpgradeCheck = 0730;
				ORGANIZATIONNAME = "Jackie Zhang";
				TargetAttributes = {
					4BEF0D781D508BA100E7782A = {
						CreatedOnToolsVersion = 7.3;
					};
				};
			};
			buildConfigurationList = 4BEF0D741D508BA000E7782A /* Build configuration list for PBXProject "ShrinkMeister" */;
			compatibilityVersion = "Xcode 3.2";
			developmentRegion = English;
			hasScannedForEncodings = 0;
			knownRegions = (
				en,
				Base,
			);
			mainGroup = 4BEF0D701D508B9F00E7782A;
			productRefGroup = 4BEF0D7A1D508BA100E7782A /* Products */;
			projectDirPath = "";
			projectRoot = "";
			targets = (
				4BEF0D781D508BA100E7782A /* ShrinkMeister */,
			);
		};
/* End PBXProject section */

/* Begin PBXResourcesBuildPhase section */
		4BEF0D771D508BA100E7782A /* Resources */ = {
			isa = PBXResourcesBuildPhase;
			buildActionMask = 2147483647;
			files = (
				4BEF0D871D508BA500E7782A /* LaunchScreen.storyboard in Resources */,
				4BEF0D841D508BA500E7782A /* Assets.xcassets in Resources */,
				4BEF0D821D508BA400E7782A /* Main.storyboard in Resources */,
			);
			runOnlyForDeploymentPostprocessing = 0;
		};
/* End PBXResourcesBuildPhase section */

/* Begin PBXSourcesBuildPhase section */
		4BEF0D751D508BA100E7782A /* Sources */ = {
			isa = PBXSourcesBuildPhase;
			buildActionMask = 2147483647;
			files = (
				4BEF0D7F1D508BA400E7782A /* ViewController.swift in Sources */,
				4BEF0D7D1D508BA400E7782A /* AppDelegate.swift in Sources */,
			);
			runOnlyForDeploymentPostprocessing = 0;
		};
/* End PBXSourcesBuildPhase section */

/* Begin PBXVariantGroup section */
		4BEF0D801D508BA400E7782A /* Main.storyboard */ = {
			isa = PBXVariantGroup;
			children = (
				4BEF0D811D508BA400E7782A /* Base */,
			);
			name = Main.storyboard;
			sourceTree = "<group>";
		};
		4BEF0D851D508BA500E7782A /* LaunchScreen.storyboard */ = {
			isa = PBXVariantGroup;
			children = (
				4BEF0D861D508BA500E7782A /* Base */,
			);
			name = LaunchScreen.storyboard;
			sourceTree = "<group>";
		};
/* End PBXVariantGroup section */

/* Begin XCBuildConfiguration section */
		4BEF0D891D508BA500E7782A /* Debug */ = {
			isa = XCBuildConfiguration;
			buildSettings = {
				ALWAYS_SEARCH_USER_PATHS = NO;
				CLANG_ANALYZER_NONNULL = YES;
				CLANG_CXX_LANGUAGE_STANDARD = "gnu++0x";
				CLANG_CXX_LIBRARY = "libc++";
				CLANG_ENABLE_MODULES = YES;
				CLANG_ENABLE_OBJC_ARC = YES;
				CLANG_WARN_BOOL_CONVERSION = YES;
				CLANG_WARN_CONSTANT_CONVERSION = YES;
				CLANG_WARN_DIRECT_OBJC_ISA_USAGE = YES_ERROR;
				CLANG_WARN_EMPTY_BODY = YES;
				CLANG_WARN_ENUM_CONVERSION = YES;
				CLANG_WARN_INT_CONVERSION = YES;
				CLANG_WARN_OBJC_ROOT_CLASS = YES_ERROR;
				CLANG_WARN_UNREACHABLE_CODE = YES;
				CLANG_WARN__DUPLICATE_METHOD_MATCH = YES;
				"CODE_SIGN_IDENTITY[sdk=iphoneos*]" = "iPhone Developer";
				COPY_PHASE_STRIP = NO;
				DEBUG_INFORMATION_FORMAT = dwarf;
				ENABLE_STRICT_OBJC_MSGSEND = YES;
				ENABLE_TESTABILITY = YES;
				GCC_C_LANGUAGE_STANDARD = gnu99;
				GCC_DYNAMIC_NO_PIC = NO;
				GCC_NO_COMMON_BLOCKS = YES;
				GCC_OPTIMIZATION_LEVEL = 0;
				GCC_PREPROCESSOR_DEFINITIONS = (
					"DEBUG=1",
					"$(inherited)",
				);
				GCC_WARN_64_TO_32_BIT_CONVERSION = YES;
				GCC_WARN_ABOUT_RETURN_TYPE = YES_ERROR;
				GCC_WARN_UNDECLARED_SELECTOR = YES;
				GCC_WARN_UNINITIALIZED_AUTOS = YES_AGGRESSIVE;
				GCC_WARN_UNUSED_FUNCTION = YES;
				GCC_WARN_UNUSED_VARIABLE = YES;
				IPHONEOS_DEPLOYMENT_TARGET = 9.3;
				MTL_ENABLE_DEBUG_INFO = YES;
				ONLY_ACTIVE_ARCH = YES;
				SDKROOT = iphoneos;
				SWIFT_OPTIMIZATION_LEVEL = "-Onone";
			};
			name = Debug;
		};
		4BEF0D8A1D508BA500E7782A /* Release */ = {
			isa = XCBuildConfiguration;
			buildSettings = {
				ALWAYS_SEARCH_USER_PATHS = NO;
				CLANG_ANALYZER_NONNULL = YES;
				CLANG_CXX_LANGUAGE_STANDARD = "gnu++0x";
				CLANG_CXX_LIBRARY = "libc++";
				CLANG_ENABLE_MODULES = YES;
				CLANG_ENABLE_OBJC_ARC = YES;
				CLANG_WARN_BOOL_CONVERSION = YES;
				CLANG_WARN_CONSTANT_CONVERSION = YES;
				CLANG_WARN_DIRECT_OBJC_ISA_USAGE = YES_ERROR;
				CLANG_WARN_EMPTY_BODY = YES;
				CLANG_WARN_ENUM_CONVERSION = YES;
				CLANG_WARN_INT_CONVERSION = YES;
				CLANG_WARN_OBJC_ROOT_CLASS = YES_ERROR;
				CLANG_WARN_UNREACHABLE_CODE = YES;
				CLANG_WARN__DUPLICATE_METHOD_MATCH = YES;
				"CODE_SIGN_IDENTITY[sdk=iphoneos*]" = "iPhone Developer";
				COPY_PHASE_STRIP = NO;
				DEBUG_INFORMATION_FORMAT = "dwarf-with-dsym";
				ENABLE_NS_ASSERTIONS = NO;
				ENABLE_STRICT_OBJC_MSGSEND = YES;
				GCC_C_LANGUAGE_STANDARD = gnu99;
				GCC_NO_COMMON_BLOCKS = YES;
				GCC_WARN_64_TO_32_BIT_CONVERSION = YES;
				GCC_WARN_ABOUT_RETURN_TYPE = YES_ERROR;
				GCC_WARN_UNDECLARED_SELECTOR = YES;
				GCC_WARN_UNINITIALIZED_AUTOS = YES_AGGRESSIVE;
				GCC_WARN_UNUSED_FUNCTION = YES;
				GCC_WARN_UNUSED_VARIABLE = YES;
				IPHONEOS_DEPLOYMENT_TARGET = 9.3;
				MTL_ENABLE_DEBUG_INFO = NO;
				SDKROOT = iphoneos;
				VALIDATE_PRODUCT = YES;
			};
			name = Release;
		};
		4BEF0D8C1D508BA500E7782A /* Debug */ = {
			isa = XCBuildConfiguration;
			buildSettings = {
				ASSETCATALOG_COMPILER_APPICON_NAME = AppIcon;
				INFOPLIST_FILE = ShrinkMeister/Info.plist;
				LD_RUNPATH_SEARCH_PATHS = "$(inherited) @executable_path/Frameworks";
				PRODUCT_BUNDLE_IDENTIFIER = com.jackiezhang.ShrinkMeister;
				PRODUCT_NAME = "$(TARGET_NAME)";
			};
			name = Debug;
		};
		4BEF0D8D1D508BA500E7782A /* Release */ = {
			isa = XCBuildConfiguration;
			buildSettings = {
				ASSETCATALOG_COMPILER_APPICON_NAME = AppIcon;
				INFOPLIST_FILE = ShrinkMeister/Info.plist;
				LD_RUNPATH_SEARCH_PATHS = "$(inherited) @executable_path/Frameworks";
				PRODUCT_BUNDLE_IDENTIFIER = com.jackiezhang.ShrinkMeister;
				PRODUCT_NAME = "$(TARGET_NAME)";
			};
			name = Release;
		};
/* End XCBuildConfiguration section */

/* Begin XCConfigurationList section */
		4BEF0D741D508BA000E7782A /* Build configuration list for PBXProject "ShrinkMeister" */ = {
			isa = XCConfigurationList;
			buildConfigurations = (
				4BEF0D891D508BA500E7782A /* Debug */,
				4BEF0D8A1D508BA500E7782A /* Release */,
			);
			defaultConfigurationIsVisible = 0;
			defaultConfigurationName = Release;
		};
		4BEF0D8B1D508BA500E7782A /* Build configuration list for PBXNativeTarget "ShrinkMeister" */ = {
			isa = XCConfigurationList;
			buildConfigurations = (
				4BEF0D8C1D508BA500E7782A /* Debug */,
				4BEF0D8D1D508BA500E7782A /* Release */,
			);
			defaultConfigurationIsVisible = 0;
		};
/* End XCConfigurationList section */
	};
	rootObject = 4BEF0D711D508B9F00E7782A /* Project object */;
}
